
Microsoft Visual Studio Solution File, Format Version 12.00
# Visual Studio Version 16
VisualStudioVersion = 16.0.31205.134
MinimumVisualStudioVersion = 10.0.40219.1
Project("{FAE04EC0-301F-11D3-BF4B-00C04F79EFBC}") = "WinFormsApp_ToolPaintGraph_59103", "WinFormsApp_ToolPaintGraph_59103.csproj", "{EA132D29-193D-49E7-9518-D7CB2576FA66}"
EndProject
Global
	GlobalSection(SolutionConfigurationPlatforms) = preSolution
		Debug|Any CPU = Debug|Any CPU
		Release|Any CPU = Release|Any CPU
	EndGlobalSection
	GlobalSection(ProjectConfigurationPlatforms) = postSolution
		{EA132D29-193D-49E7-9518-D7CB2576FA66}.Debug|Any CPU.ActiveCfg = Debug|Any CPU
		{EA132D29-193D-49E7-9518-D7CB2576FA66}.Debug|Any CPU.Build.0 = Debug|Any CPU
		{EA132D29-193D-49E7-9518-D7CB2576FA66}.Release|Any CPU.ActiveCfg = Release|Any CPU
		{EA132D29-193D-49E7-9518-D7CB2576FA66}.Release|Any CPU.Build.0 = Release|Any CPU
	EndGlobalSection
	GlobalSection(SolutionProperties) = preSolution
		HideSolutionNode = FALSE
	EndGlobalSection
	GlobalSection(ExtensibilityGlobals) = postSolution
		SolutionGuid = {288F4C4C-567B-4DDC-9B16-CA949816A79C}
	EndGlobalSection
EndGlobal
